
Microsoft Visual Studio Solution File, Format Version 12.00
# Visual Studio Version 17
VisualStudioVersion = 17.7.34221.43
MinimumVisualStudioVersion = 10.0.40219.1
Project("{9A19103F-16F7-4668-BE54-9A1E7A4F7556}") = "API", "API\API.csproj", "{449C5D57-FEF8-470C-BB3F-3F041397250C}"
EndProject
Project("{9A19103F-16F7-4668-BE54-9A1E7A4F7556}") = "Shared", "Shared\Shared.csproj", "{CDBA370C-B808-47E4-AC00-DA75AA571926}"
EndProject
Project("{9A19103F-16F7-4668-BE54-9A1E7A4F7556}") = "BlServer", "BlServer\BlServer.csproj", "{5503375D-E5A1-4D3B-B28B-5AFF201EAA1B}"
EndProject
Global
	GlobalSection(SolutionConfigurationPlatforms) = preSolution
		Debug|Any CPU = Debug|Any CPU
		Release|Any CPU = Release|Any CPU
	EndGlobalSection
	GlobalSection(ProjectConfigurationPlatforms) = postSolution
		{449C5D57-FEF8-470C-BB3F-3F041397250C}.Debug|Any CPU.ActiveCfg = Debug|Any CPU
		{449C5D57-FEF8-470C-BB3F-3F041397250C}.Debug|Any CPU.Build.0 = Debug|Any CPU
		{449C5D57-FEF8-470C-BB3F-3F041397250C}.Release|Any CPU.ActiveCfg = Release|Any CPU
		{449C5D57-FEF8-470C-BB3F-3F041397250C}.Release|Any CPU.Build.0 = Release|Any CPU
		{CDBA370C-B808-47E4-AC00-DA75AA571926}.Debug|Any CPU.ActiveCfg = Debug|Any CPU
		{CDBA370C-B808-47E4-AC00-DA75AA571926}.Debug|Any CPU.Build.0 = Debug|Any CPU
		{CDBA370C-B808-47E4-AC00-DA75AA571926}.Release|Any CPU.ActiveCfg = Release|Any CPU
		{CDBA370C-B808-47E4-AC00-DA75AA571926}.Release|Any CPU.Build.0 = Release|Any CPU
		{5503375D-E5A1-4D3B-B28B-5AFF201EAA1B}.Debug|Any CPU.ActiveCfg = Debug|Any CPU
		{5503375D-E5A1-4D3B-B28B-5AFF201EAA1B}.Debug|Any CPU.Build.0 = Debug|Any CPU
		{5503375D-E5A1-4D3B-B28B-5AFF201EAA1B}.Release|Any CPU.ActiveCfg = Release|Any CPU
		{5503375D-E5A1-4D3B-B28B-5AFF201EAA1B}.Release|Any CPU.Build.0 = Release|Any CPU
	EndGlobalSection
	GlobalSection(SolutionProperties) = preSolution
		HideSolutionNode = FALSE
	EndGlobalSection
	GlobalSection(ExtensibilityGlobals) = postSolution
		SolutionGuid = {46B094A8-0373-4F93-A381-42957B6B0F64}
	EndGlobalSection
EndGlobal
